
Microsoft Visual Studio Solution File, Format Version 12.00
# Visual Studio Version 16
VisualStudioVersion = 16.0.31911.196
MinimumVisualStudioVersion = 10.0.40219.1
Project("{FAE04EC0-301F-11D3-BF4B-00C04F79EFBC}") = "CustomHttpWebServer", "CustomHttpWebServer\CustomHttpWebServer.csproj", "{97BE7938-0A92-41A5-B78D-975F2E69AEB2}"
EndProject
Project("{FAE04EC0-301F-11D3-BF4B-00C04F79EFBC}") = "CustomHttpWebServer.Server", "CustomHttpWebServer.Server\CustomHttpWebServer.Server.csproj", "{6BCB08BA-9A81-4C84-B6EA-FC2CC7C474C9}"
EndProject
Global
	GlobalSection(SolutionConfigurationPlatforms) = preSolution
		Debug|Any CPU = Debug|Any CPU
		Release|Any CPU = Release|Any CPU
	EndGlobalSection
	GlobalSection(ProjectConfigurationPlatforms) = postSolution
		{97BE7938-0A92-41A5-B78D-975F2E69AEB2}.Debug|Any CPU.ActiveCfg = Debug|Any CPU
		{97BE7938-0A92-41A5-B78D-975F2E69AEB2}.Debug|Any CPU.Build.0 = Debug|Any CPU
		{97BE7938-0A92-41A5-B78D-975F2E69AEB2}.Release|Any CPU.ActiveCfg = Release|Any CPU
		{97BE7938-0A92-41A5-B78D-975F2E69AEB2}.Release|Any CPU.Build.0 = Release|Any CPU
		{6BCB08BA-9A81-4C84-B6EA-FC2CC7C474C9}.Debug|Any CPU.ActiveCfg = Debug|Any CPU
		{6BCB08BA-9A81-4C84-B6EA-FC2CC7C474C9}.Debug|Any CPU.Build.0 = Debug|Any CPU
		{6BCB08BA-9A81-4C84-B6EA-FC2CC7C474C9}.Release|Any CPU.ActiveCfg = Release|Any CPU
		{6BCB08BA-9A81-4C84-B6EA-FC2CC7C474C9}.Release|Any CPU.Build.0 = Release|Any CPU
	EndGlobalSection
	GlobalSection(SolutionProperties) = preSolution
		HideSolutionNode = FALSE
	EndGlobalSection
	GlobalSection(ExtensibilityGlobals) = postSolution
		SolutionGuid = {BC1F1AAF-4458-44B8-8E57-146B21131118}
	EndGlobalSection
EndGlobal
